version = 1
requires-python = ">=3.12"

[[package]]
name = "beautifulsoup4"
version = "4.12.3"
source = { registry = "https://pypi.org/simple" }
dependencies = [
    { name = "soupsieve" },
]
sdist = { url = "https://files.pythonhosted.org/packages/b3/ca/824b1195773ce6166d388573fc106ce56d4a805bd7427b624e063596ec58/beautifulsoup4-4.12.3.tar.gz", hash = "sha256:74e3d1928edc070d21748185c46e3fb33490f22f52a3addee9aee0f4f7781051", size = 581181 }
wheels = [
    { url = "https://files.pythonhosted.org/packages/b1/fe/e8c672695b37eecc5cbf43e1d0638d88d66ba3a44c4d321c796f4e59167f/beautifulsoup4-4.12.3-py3-none-any.whl", hash = "sha256:b80878c9f40111313e55da8ba20bdba06d8fa3969fc68304167741bbf9e082ed", size = 147925 },
]

[[package]]
name = "certifi"
version = "2024.12.14"
source = { registry = "https://pypi.org/simple" }
sdist = { url = "https://files.pythonhosted.org/packages/0f/bd/1d41ee578ce09523c81a15426705dd20969f5abf006d1afe8aeff0dd776a/certifi-2024.12.14.tar.gz", hash = "sha256:b650d30f370c2b724812bee08008be0c4163b163ddaec3f2546c1caf65f191db", size = 166010 }
wheels = [
    { url = "https://files.pythonhosted.org/packages/a5/32/8f6669fc4798494966bf446c8c4a162e0b5d893dff088afddf76414f70e1/certifi-2024.12.14-py3-none-any.whl", hash = "sha256:1275f7a45be9464efc1173084eaa30f866fe2e47d389406136d332ed4967ec56", size = 164927 },
]

[[package]]
name = "charset-normalizer"
version = "3.4.1"
source = { registry = "https://pypi.org/simple" }
sdist = { url = "https://files.pythonhosted.org/packages/16/b0/572805e227f01586461c80e0fd25d65a2115599cc9dad142fee4b747c357/charset_normalizer-3.4.1.tar.gz", hash = "sha256:44251f18cd68a75b56585dd00dae26183e102cd5e0f9f1466e6df5da2ed64ea3", size = 123188 }
wheels = [
    { url = "https://files.pythonhosted.org/packages/0a/9a/dd1e1cdceb841925b7798369a09279bd1cf183cef0f9ddf15a3a6502ee45/charset_normalizer-3.4.1-cp312-cp312-macosx_10_13_universal2.whl", hash = "sha256:73d94b58ec7fecbc7366247d3b0b10a21681004153238750bb67bd9012414545", size = 196105 },
    { url = "https://files.pythonhosted.org/packages/d3/8c/90bfabf8c4809ecb648f39794cf2a84ff2e7d2a6cf159fe68d9a26160467/charset_normalizer-3.4.1-cp312-cp312-manylinux_2_17_aarch64.manylinux2014_aarch64.whl", hash = "sha256:dad3e487649f498dd991eeb901125411559b22e8d7ab25d3aeb1af367df5efd7", size = 140404 },
    { url = "https://files.pythonhosted.org/packages/ad/8f/e410d57c721945ea3b4f1a04b74f70ce8fa800d393d72899f0a40526401f/charset_normalizer-3.4.1-cp312-cp312-manylinux_2_17_ppc64le.manylinux2014_ppc64le.whl", hash = "sha256:c30197aa96e8eed02200a83fba2657b4c3acd0f0aa4bdc9f6c1af8e8962e0757", size = 150423 },
    { url = "https://files.pythonhosted.org/packages/f0/b8/e6825e25deb691ff98cf5c9072ee0605dc2acfca98af70c2d1b1bc75190d/charset_normalizer-3.4.1-cp312-cp312-manylinux_2_17_s390x.manylinux2014_s390x.whl", hash = "sha256:2369eea1ee4a7610a860d88f268eb39b95cb588acd7235e02fd5a5601773d4fa", size = 143184 },
    { url = "https://files.pythonhosted.org/packages/3e/a2/513f6cbe752421f16d969e32f3583762bfd583848b763913ddab8d9bfd4f/charset_normalizer-3.4.1-cp312-cp312-manylinux_2_17_x86_64.manylinux2014_x86_64.whl", hash = "sha256:bc2722592d8998c870fa4e290c2eec2c1569b87fe58618e67d38b4665dfa680d", size = 145268 },
    { url = "https://files.pythonhosted.org/packages/74/94/8a5277664f27c3c438546f3eb53b33f5b19568eb7424736bdc440a88a31f/charset_normalizer-3.4.1-cp312-cp312-manylinux_2_5_i686.manylinux1_i686.manylinux_2_17_i686.manylinux2014_i686.whl", hash = "sha256:ffc9202a29ab3920fa812879e95a9e78b2465fd10be7fcbd042899695d75e616", size = 147601 },
    { url = "https://files.pythonhosted.org/packages/7c/5f/6d352c51ee763623a98e31194823518e09bfa48be2a7e8383cf691bbb3d0/charset_normalizer-3.4.1-cp312-cp312-musllinux_1_2_aarch64.whl", hash = "sha256:804a4d582ba6e5b747c625bf1255e6b1507465494a40a2130978bda7b932c90b", size = 141098 },
    { url = "https://files.pythonhosted.org/packages/78/d4/f5704cb629ba5ab16d1d3d741396aec6dc3ca2b67757c45b0599bb010478/charset_normalizer-3.4.1-cp312-cp312-musllinux_1_2_i686.whl", hash = "sha256:0f55e69f030f7163dffe9fd0752b32f070566451afe180f99dbeeb81f511ad8d", size = 149520 },
    { url = "https://files.pythonhosted.org/packages/c5/96/64120b1d02b81785f222b976c0fb79a35875457fa9bb40827678e54d1bc8/charset_normalizer-3.4.1-cp312-cp312-musllinux_1_2_ppc64le.whl", hash = "sha256:c4c3e6da02df6fa1410a7680bd3f63d4f710232d3139089536310d027950696a", size = 152852 },
    { url = "https://files.pythonhosted.org/packages/84/c9/98e3732278a99f47d487fd3468bc60b882920cef29d1fa6ca460a1fdf4e6/charset_normalizer-3.4.1-cp312-cp312-musllinux_1_2_s390x.whl", hash = "sha256:5df196eb874dae23dcfb968c83d4f8fdccb333330fe1fc278ac5ceeb101003a9", size = 150488 },
    { url = "https://files.pythonhosted.org/packages/13/0e/9c8d4cb99c98c1007cc11eda969ebfe837bbbd0acdb4736d228ccaabcd22/charset_normalizer-3.4.1-cp312-cp312-musllinux_1_2_x86_64.whl", hash = "sha256:e358e64305fe12299a08e08978f51fc21fac060dcfcddd95453eabe5b93ed0e1", size = 146192 },
    { url = "https://files.pythonhosted.org/packages/b2/21/2b6b5b860781a0b49427309cb8670785aa543fb2178de875b87b9cc97746/charset_normalizer-3.4.1-cp312-cp312-win32.whl", hash = "sha256:9b23ca7ef998bc739bf6ffc077c2116917eabcc901f88da1b9856b210ef63f35", size = 95550 },
    { url = "https://files.pythonhosted.org/packages/21/5b/1b390b03b1d16c7e382b561c5329f83cc06623916aab983e8ab9239c7d5c/charset_normalizer-3.4.1-cp312-cp312-win_amd64.whl", hash = "sha256:6ff8a4a60c227ad87030d76e99cd1698345d4491638dfa6673027c48b3cd395f", size = 102785 },
    { url = "https://files.pythonhosted.org/packages/38/94/ce8e6f63d18049672c76d07d119304e1e2d7c6098f0841b51c666e9f44a0/charset_normalizer-3.4.1-cp313-cp313-macosx_10_13_universal2.whl", hash = "sha256:aabfa34badd18f1da5ec1bc2715cadc8dca465868a4e73a0173466b688f29dda", size = 195698 },
    { url = "https://files.pythonhosted.org/packages/24/2e/dfdd9770664aae179a96561cc6952ff08f9a8cd09a908f259a9dfa063568/charset_normalizer-3.4.1-cp313-cp313-manylinux_2_17_aarch64.manylinux2014_aarch64.whl", hash = "sha256:22e14b5d70560b8dd51ec22863f370d1e595ac3d024cb8ad7d308b4cd95f8313", size = 140162 },
    { url = "https://files.pythonhosted.org/packages/24/4e/f646b9093cff8fc86f2d60af2de4dc17c759de9d554f130b140ea4738ca6/charset_normalizer-3.4.1-cp313-cp313-manylinux_2_17_ppc64le.manylinux2014_ppc64le.whl", hash = "sha256:8436c508b408b82d87dc5f62496973a1805cd46727c34440b0d29d8a2f50a6c9", size = 150263 },
    { url = "https://files.pythonhosted.org/packages/5e/67/2937f8d548c3ef6e2f9aab0f6e21001056f692d43282b165e7c56023e6dd/charset_normalizer-3.4.1-cp313-cp313-manylinux_2_17_s390x.manylinux2014_s390x.whl", hash = "sha256:2d074908e1aecee37a7635990b2c6d504cd4766c7bc9fc86d63f9c09af3fa11b", size = 142966 },
    { url = "https://files.pythonhosted.org/packages/52/ed/b7f4f07de100bdb95c1756d3a4d17b90c1a3c53715c1a476f8738058e0fa/charset_normalizer-3.4.1-cp313-cp313-manylinux_2_17_x86_64.manylinux2014_x86_64.whl", hash = "sha256:955f8851919303c92343d2f66165294848d57e9bba6cf6e3625485a70a038d11", size = 144992 },
    { url = "https://files.pythonhosted.org/packages/96/2c/d49710a6dbcd3776265f4c923bb73ebe83933dfbaa841c5da850fe0fd20b/charset_normalizer-3.4.1-cp313-cp313-manylinux_2_5_i686.manylinux1_i686.manylinux_2_17_i686.manylinux2014_i686.whl", hash = "sha256:44ecbf16649486d4aebafeaa7ec4c9fed8b88101f4dd612dcaf65d5e815f837f", size = 147162 },
    { url = "https://files.pythonhosted.org/packages/b4/41/35ff1f9a6bd380303dea55e44c4933b4cc3c4850988927d4082ada230273/charset_normalizer-3.4.1-cp313-cp313-musllinux_1_2_aarch64.whl", hash = "sha256:0924e81d3d5e70f8126529951dac65c1010cdf117bb75eb02dd12339b57749dd", size = 140972 },
    { url = "https://files.pythonhosted.org/packages/fb/43/c6a0b685fe6910d08ba971f62cd9c3e862a85770395ba5d9cad4fede33ab/charset_normalizer-3.4.1-cp313-cp313-musllinux_1_2_i686.whl", hash = "sha256:2967f74ad52c3b98de4c3b32e1a44e32975e008a9cd2a8cc8966d6a5218c5cb2", size = 149095 },
    { url = "https://files.pythonhosted.org/packages/4c/ff/a9a504662452e2d2878512115638966e75633519ec11f25fca3d2049a94a/charset_normalizer-3.4.1-cp313-cp313-musllinux_1_2_ppc64le.whl", hash = "sha256:c75cb2a3e389853835e84a2d8fb2b81a10645b503eca9bcb98df6b5a43eb8886", size = 152668 },
    { url = "https://files.pythonhosted.org/packages/6c/71/189996b6d9a4b932564701628af5cee6716733e9165af1d5e1b285c530ed/charset_normalizer-3.4.1-cp313-cp313-musllinux_1_2_s390x.whl", hash = "sha256:09b26ae6b1abf0d27570633b2b078a2a20419c99d66fb2823173d73f188ce601", size = 150073 },
    { url = "https://files.pythonhosted.org/packages/e4/93/946a86ce20790e11312c87c75ba68d5f6ad2208cfb52b2d6a2c32840d922/charset_normalizer-3.4.1-cp313-cp313-musllinux_1_2_x86_64.whl", hash = "sha256:fa88b843d6e211393a37219e6a1c1df99d35e8fd90446f1118f4216e307e48cd", size = 145732 },
    { url = "https://files.pythonhosted.org/packages/cd/e5/131d2fb1b0dddafc37be4f3a2fa79aa4c037368be9423061dccadfd90091/charset_normalizer-3.4.1-cp313-cp313-win32.whl", hash = "sha256:eb8178fe3dba6450a3e024e95ac49ed3400e506fd4e9e5c32d30adda88cbd407", size = 95391 },
    { url = "https://files.pythonhosted.org/packages/27/f2/4f9a69cc7712b9b5ad8fdb87039fd89abba997ad5cbe690d1835d40405b0/charset_normalizer-3.4.1-cp313-cp313-win_amd64.whl", hash = "sha256:b1ac5992a838106edb89654e0aebfc24f5848ae2547d22c2c3f66454daa11971", size = 102702 },
    { url = "https://files.pythonhosted.org/packages/0e/f6/65ecc6878a89bb1c23a086ea335ad4bf21a588990c3f535a227b9eea9108/charset_normalizer-3.4.1-py3-none-any.whl", hash = "sha256:d98b1668f06378c6dbefec3b92299716b931cd4e6061f3c875a71ced1780ab85", size = 49767 },
]

[[package]]
name = "greenlet"
version = "3.1.1"
source = { registry = "https://pypi.org/simple" }
sdist = { url = "https://files.pythonhosted.org/packages/2f/ff/df5fede753cc10f6a5be0931204ea30c35fa2f2ea7a35b25bdaf4fe40e46/greenlet-3.1.1.tar.gz", hash = "sha256:4ce3ac6cdb6adf7946475d7ef31777c26d94bccc377e070a7986bd2d5c515467", size = 186022 }
wheels = [
    { url = "https://files.pythonhosted.org/packages/7d/ec/bad1ac26764d26aa1353216fcbfa4670050f66d445448aafa227f8b16e80/greenlet-3.1.1-cp312-cp312-macosx_11_0_universal2.whl", hash = "sha256:4afe7ea89de619adc868e087b4d2359282058479d7cfb94970adf4b55284574d", size = 274260 },
    { url = "https://files.pythonhosted.org/packages/66/d4/c8c04958870f482459ab5956c2942c4ec35cac7fe245527f1039837c17a9/greenlet-3.1.1-cp312-cp312-manylinux_2_17_aarch64.manylinux2014_aarch64.whl", hash = "sha256:f406b22b7c9a9b4f8aa9d2ab13d6ae0ac3e85c9a809bd590ad53fed2bf70dc79", size = 649064 },
    { url = "https://files.pythonhosted.org/packages/51/41/467b12a8c7c1303d20abcca145db2be4e6cd50a951fa30af48b6ec607581/greenlet-3.1.1-cp312-cp312-manylinux_2_17_ppc64le.manylinux2014_ppc64le.whl", hash = "sha256:c3a701fe5a9695b238503ce5bbe8218e03c3bcccf7e204e455e7462d770268aa", size = 663420 },
    { url = "https://files.pythonhosted.org/packages/27/8f/2a93cd9b1e7107d5c7b3b7816eeadcac2ebcaf6d6513df9abaf0334777f6/greenlet-3.1.1-cp312-cp312-manylinux_2_17_s390x.manylinux2014_s390x.whl", hash = "sha256:2846930c65b47d70b9d178e89c7e1a69c95c1f68ea5aa0a58646b7a96df12441", size = 658035 },
    { url = "https://files.pythonhosted.org/packages/57/5c/7c6f50cb12be092e1dccb2599be5a942c3416dbcfb76efcf54b3f8be4d8d/greenlet-3.1.1-cp312-cp312-manylinux_2_17_x86_64.manylinux2014_x86_64.whl", hash = "sha256:99cfaa2110534e2cf3ba31a7abcac9d328d1d9f1b95beede58294a60348fba36", size = 660105 },
    { url = "https://files.pythonhosted.org/packages/f1/66/033e58a50fd9ec9df00a8671c74f1f3a320564c6415a4ed82a1c651654ba/greenlet-3.1.1-cp312-cp312-manylinux_2_24_x86_64.manylinux_2_28_x86_64.whl", hash = "sha256:1443279c19fca463fc33e65ef2a935a5b09bb90f978beab37729e1c3c6c25fe9", size = 613077 },
    { url = "https://files.pythonhosted.org/packages/19/c5/36384a06f748044d06bdd8776e231fadf92fc896bd12cb1c9f5a1bda9578/greenlet-3.1.1-cp312-cp312-musllinux_1_1_aarch64.whl", hash = "sha256:b7cede291382a78f7bb5f04a529cb18e068dd29e0fb27376074b6d0317bf4dd0", size = 1135975 },
    { url = "https://files.pythonhosted.org/packages/38/f9/c0a0eb61bdf808d23266ecf1d63309f0e1471f284300ce6dac0ae1231881/greenlet-3.1.1-cp312-cp312-musllinux_1_1_x86_64.whl", hash = "sha256:23f20bb60ae298d7d8656c6ec6db134bca379ecefadb0b19ce6f19d1f232a942", size = 1163955 },
    { url = "https://files.pythonhosted.org/packages/43/21/a5d9df1d21514883333fc86584c07c2b49ba7c602e670b174bd73cfc9c7f/greenlet-3.1.1-cp312-cp312-win_amd64.whl", hash = "sha256:7124e16b4c55d417577c2077be379514321916d5790fa287c9ed6f23bd2ffd01", size = 299655 },
    { url = "https://files.pythonhosted.org/packages/f3/57/0db4940cd7bb461365ca8d6fd53e68254c9dbbcc2b452e69d0d41f10a85e/greenlet-3.1.1-cp313-cp313-macosx_11_0_universal2.whl", hash = "sha256:05175c27cb459dcfc05d026c4232f9de8913ed006d42713cb8a5137bd49375f1", size = 272990 },
    { url = "https://files.pythonhosted.org/packages/1c/ec/423d113c9f74e5e402e175b157203e9102feeb7088cee844d735b28ef963/greenlet-3.1.1-cp313-cp313-manylinux_2_17_aarch64.manylinux2014_aarch64.whl", hash = "sha256:935e943ec47c4afab8965954bf49bfa639c05d4ccf9ef6e924188f762145c0ff", size = 649175 },
    { url = "https://files.pythonhosted.org/packages/a9/46/ddbd2db9ff209186b7b7c621d1432e2f21714adc988703dbdd0e65155c77/greenlet-3.1.1-cp313-cp313-manylinux_2_17_ppc64le.manylinux2014_ppc64le.whl", hash = "sha256:667a9706c970cb552ede35aee17339a18e8f2a87a51fba2ed39ceeeb1004798a", size = 663425 },
    { url = "https://files.pythonhosted.org/packages/bc/f9/9c82d6b2b04aa37e38e74f0c429aece5eeb02bab6e3b98e7db89b23d94c6/greenlet-3.1.1-cp313-cp313-manylinux_2_17_s390x.manylinux2014_s390x.whl", hash = "sha256:b8a678974d1f3aa55f6cc34dc480169d58f2e6d8958895d68845fa4ab566509e", size = 657736 },
    { url = "https://files.pythonhosted.org/packages/d9/42/b87bc2a81e3a62c3de2b0d550bf91a86939442b7ff85abb94eec3fc0e6aa/greenlet-3.1.1-cp313-cp313-manylinux_2_17_x86_64.manylinux2014_x86_64.whl", hash = "sha256:efc0f674aa41b92da8c49e0346318c6075d734994c3c4e4430b1c3f853e498e4", size = 660347 },
    { url = "https://files.pythonhosted.org/packages/37/fa/71599c3fd06336cdc3eac52e6871cfebab4d9d70674a9a9e7a482c318e99/greenlet-3.1.1-cp313-cp313-manylinux_2_24_x86_64.manylinux_2_28_x86_64.whl", hash = "sha256:0153404a4bb921f0ff1abeb5ce8a5131da56b953eda6e14b88dc6bbc04d2049e", size = 615583 },
    { url = "https://files.pythonhosted.org/packages/4e/96/e9ef85de031703ee7a4483489b40cf307f93c1824a02e903106f2ea315fe/greenlet-3.1.1-cp313-cp313-musllinux_1_1_aarch64.whl", hash = "sha256:275f72decf9932639c1c6dd1013a1bc266438eb32710016a1c742df5da6e60a1", size = 1133039 },
    { url = "https://files.pythonhosted.org/packages/87/76/b2b6362accd69f2d1889db61a18c94bc743e961e3cab344c2effaa4b4a25/greenlet-3.1.1-cp313-cp313-musllinux_1_1_x86_64.whl", hash = "sha256:c4aab7f6381f38a4b42f269057aee279ab0fc7bf2e929e3d4abfae97b682a12c", size = 1160716 },
    { url = "https://files.pythonhosted.org/packages/1f/1b/54336d876186920e185066d8c3024ad55f21d7cc3683c856127ddb7b13ce/greenlet-3.1.1-cp313-cp313-win_amd64.whl", hash = "sha256:b42703b1cf69f2aa1df7d1030b9d77d3e584a70755674d60e710f0af570f3761", size = 299490 },
    { url = "https://files.pythonhosted.org/packages/5f/17/bea55bf36990e1638a2af5ba10c1640273ef20f627962cf97107f1e5d637/greenlet-3.1.1-cp313-cp313t-manylinux_2_17_aarch64.manylinux2014_aarch64.whl", hash = "sha256:f1695e76146579f8c06c1509c7ce4dfe0706f49c6831a817ac04eebb2fd02011", size = 643731 },
    { url = "https://files.pythonhosted.org/packages/78/d2/aa3d2157f9ab742a08e0fd8f77d4699f37c22adfbfeb0c610a186b5f75e0/greenlet-3.1.1-cp313-cp313t-manylinux_2_17_ppc64le.manylinux2014_ppc64le.whl", hash = "sha256:7876452af029456b3f3549b696bb36a06db7c90747740c5302f74a9e9fa14b13", size = 649304 },
    { url = "https://files.pythonhosted.org/packages/f1/8e/d0aeffe69e53ccff5a28fa86f07ad1d2d2d6537a9506229431a2a02e2f15/greenlet-3.1.1-cp313-cp313t-manylinux_2_17_s390x.manylinux2014_s390x.whl", hash = "sha256:4ead44c85f8ab905852d3de8d86f6f8baf77109f9da589cb4fa142bd3b57b475", size = 646537 },
    { url = "https://files.pythonhosted.org/packages/05/79/e15408220bbb989469c8871062c97c6c9136770657ba779711b90870d867/greenlet-3.1.1-cp313-cp313t-manylinux_2_17_x86_64.manylinux2014_x86_64.whl", hash = "sha256:8320f64b777d00dd7ccdade271eaf0cad6636343293a25074cc5566160e4de7b", size = 642506 },
    { url = "https://files.pythonhosted.org/packages/18/87/470e01a940307796f1d25f8167b551a968540fbe0551c0ebb853cb527dd6/greenlet-3.1.1-cp313-cp313t-manylinux_2_24_x86_64.manylinux_2_28_x86_64.whl", hash = "sha256:6510bf84a6b643dabba74d3049ead221257603a253d0a9873f55f6a59a65f822", size = 602753 },
    { url = "https://files.pythonhosted.org/packages/e2/72/576815ba674eddc3c25028238f74d7b8068902b3968cbe456771b166455e/greenlet-3.1.1-cp313-cp313t-musllinux_1_1_aarch64.whl", hash = "sha256:04b013dc07c96f83134b1e99888e7a79979f1a247e2a9f59697fa14b5862ed01", size = 1122731 },
    { url = "https://files.pythonhosted.org/packages/ac/38/08cc303ddddc4b3d7c628c3039a61a3aae36c241ed01393d00c2fd663473/greenlet-3.1.1-cp313-cp313t-musllinux_1_1_x86_64.whl", hash = "sha256:411f015496fec93c1c8cd4e5238da364e1da7a124bcb293f085bf2860c32c6f6", size = 1142112 },
]

[[package]]
name = "idna"
version = "3.10"
source = { registry = "https://pypi.org/simple" }
sdist = { url = "https://files.pythonhosted.org/packages/f1/70/7703c29685631f5a7590aa73f1f1d3fa9a380e654b86af429e0934a32f7d/idna-3.10.tar.gz", hash = "sha256:12f65c9b470abda6dc35cf8e63cc574b1c52b11df2c86030af0ac09b01b13ea9", size = 190490 }
wheels = [
    { url = "https://files.pythonhosted.org/packages/76/c6/c88e154df9c4e1a2a66ccf0005a88dfb2650c1dffb6f5ce603dfbd452ce3/idna-3.10-py3-none-any.whl", hash = "sha256:946d195a0d259cbba61165e88e65941f16e9b36ea6ddb97f00452bae8b1287d3", size = 70442 },
]

[[package]]
name = "pylibrus"
version = "0.1.0"
source = { virtual = "." }
dependencies = [
    { name = "beautifulsoup4" },
    { name = "requests" },
    { name = "sqlalchemy" },
    { name = "user-agent" },
]

[package.dev-dependencies]
dev = [
    { name = "ruff" },
]

[package.metadata]
requires-dist = [
    { name = "beautifulsoup4", specifier = "==4.12.3" },
    { name = "requests", specifier = "==2.32.3" },
    { name = "sqlalchemy", specifier = "==2.0.36" },
    { name = "user-agent", specifier = "==0.1.10" },
]

[package.metadata.requires-dev]
dev = [{ name = "ruff", specifier = ">=0.8.4" }]

[[package]]
name = "requests"
version = "2.32.3"
source = { registry = "https://pypi.org/simple" }
dependencies = [
    { name = "certifi" },
    { name = "charset-normalizer" },
    { name = "idna" },
    { name = "urllib3" },
]
sdist = { url = "https://files.pythonhosted.org/packages/63/70/2bf7780ad2d390a8d301ad0b550f1581eadbd9a20f896afe06353c2a2913/requests-2.32.3.tar.gz", hash = "sha256:55365417734eb18255590a9ff9eb97e9e1da868d4ccd6402399eaf68af20a760", size = 131218 }
wheels = [
    { url = "https://files.pythonhosted.org/packages/f9/9b/335f9764261e915ed497fcdeb11df5dfd6f7bf257d4a6a2a686d80da4d54/requests-2.32.3-py3-none-any.whl", hash = "sha256:70761cfe03c773ceb22aa2f671b4757976145175cdfca038c02654d061d6dcc6", size = 64928 },
]

[[package]]
name = "ruff"
version = "0.8.4"
source = { registry = "https://pypi.org/simple" }
sdist = { url = "https://files.pythonhosted.org/packages/34/37/9c02181ef38d55b77d97c68b78e705fd14c0de0e5d085202bb2b52ce5be9/ruff-0.8.4.tar.gz", hash = "sha256:0d5f89f254836799af1615798caa5f80b7f935d7a670fad66c5007928e57ace8", size = 3402103 }
wheels = [
    { url = "https://files.pythonhosted.org/packages/05/67/f480bf2f2723b2e49af38ed2be75ccdb2798fca7d56279b585c8f553aaab/ruff-0.8.4-py3-none-linux_armv6l.whl", hash = "sha256:58072f0c06080276804c6a4e21a9045a706584a958e644353603d36ca1eb8a60", size = 10546415 },
    { url = "https://files.pythonhosted.org/packages/eb/7a/5aba20312c73f1ce61814e520d1920edf68ca3b9c507bd84d8546a8ecaa8/ruff-0.8.4-py3-none-macosx_10_12_x86_64.whl", hash = "sha256:ffb60904651c00a1e0b8df594591770018a0f04587f7deeb3838344fe3adabac", size = 10346113 },
    { url = "https://files.pythonhosted.org/packages/76/f4/c41de22b3728486f0aa95383a44c42657b2db4062f3234ca36fc8cf52d8b/ruff-0.8.4-py3-none-macosx_11_0_arm64.whl", hash = "sha256:6ddf5d654ac0d44389f6bf05cee4caeefc3132a64b58ea46738111d687352296", size = 9943564 },
    { url = "https://files.pythonhosted.org/packages/0e/f0/afa0d2191af495ac82d4cbbfd7a94e3df6f62a04ca412033e073b871fc6d/ruff-0.8.4-py3-none-manylinux_2_17_aarch64.manylinux2014_aarch64.whl", hash = "sha256:e248b1f0fa2749edd3350a2a342b67b43a2627434c059a063418e3d375cfe643", size = 10805522 },
    { url = "https://files.pythonhosted.org/packages/12/57/5d1e9a0fd0c228e663894e8e3a8e7063e5ee90f8e8e60cf2085f362bfa1a/ruff-0.8.4-py3-none-manylinux_2_17_armv7l.manylinux2014_armv7l.whl", hash = "sha256:bf197b98ed86e417412ee3b6c893f44c8864f816451441483253d5ff22c0e81e", size = 10306763 },
    { url = "https://files.pythonhosted.org/packages/04/df/f069fdb02e408be8aac6853583572a2873f87f866fe8515de65873caf6b8/ruff-0.8.4-py3-none-manylinux_2_17_i686.manylinux2014_i686.whl", hash = "sha256:c41319b85faa3aadd4d30cb1cffdd9ac6b89704ff79f7664b853785b48eccdf3", size = 11359574 },
    { url = "https://files.pythonhosted.org/packages/d3/04/37c27494cd02e4a8315680debfc6dfabcb97e597c07cce0044db1f9dfbe2/ruff-0.8.4-py3-none-manylinux_2_17_ppc64.manylinux2014_ppc64.whl", hash = "sha256:9f8402b7c4f96463f135e936d9ab77b65711fcd5d72e5d67597b543bbb43cf3f", size = 12094851 },
    { url = "https://files.pythonhosted.org/packages/81/b1/c5d7fb68506cab9832d208d03ea4668da9a9887a4a392f4f328b1bf734ad/ruff-0.8.4-py3-none-manylinux_2_17_ppc64le.manylinux2014_ppc64le.whl", hash = "sha256:e4e56b3baa9c23d324ead112a4fdf20db9a3f8f29eeabff1355114dd96014604", size = 11655539 },
    { url = "https://files.pythonhosted.org/packages/ef/38/8f8f2c8898dc8a7a49bc340cf6f00226917f0f5cb489e37075bcb2ce3671/ruff-0.8.4-py3-none-manylinux_2_17_s390x.manylinux2014_s390x.whl", hash = "sha256:736272574e97157f7edbbb43b1d046125fce9e7d8d583d5d65d0c9bf2c15addf", size = 12912805 },
    { url = "https://files.pythonhosted.org/packages/06/dd/fa6660c279f4eb320788876d0cff4ea18d9af7d9ed7216d7bd66877468d0/ruff-0.8.4-py3-none-manylinux_2_17_x86_64.manylinux2014_x86_64.whl", hash = "sha256:e5fe710ab6061592521f902fca7ebcb9fabd27bc7c57c764298b1c1f15fff720", size = 11205976 },
    { url = "https://files.pythonhosted.org/packages/a8/d7/de94cc89833b5de455750686c17c9e10f4e1ab7ccdc5521b8fe911d1477e/ruff-0.8.4-py3-none-musllinux_1_2_aarch64.whl", hash = "sha256:13e9ec6d6b55f6da412d59953d65d66e760d583dd3c1c72bf1f26435b5bfdbae", size = 10792039 },
    { url = "https://files.pythonhosted.org/packages/6d/15/3e4906559248bdbb74854af684314608297a05b996062c9d72e0ef7c7097/ruff-0.8.4-py3-none-musllinux_1_2_armv7l.whl", hash = "sha256:97d9aefef725348ad77d6db98b726cfdb075a40b936c7984088804dfd38268a7", size = 10400088 },
    { url = "https://files.pythonhosted.org/packages/a2/21/9ed4c0e8133cb4a87a18d470f534ad1a8a66d7bec493bcb8bda2d1a5d5be/ruff-0.8.4-py3-none-musllinux_1_2_i686.whl", hash = "sha256:ab78e33325a6f5374e04c2ab924a3367d69a0da36f8c9cb6b894a62017506111", size = 10900814 },
    { url = "https://files.pythonhosted.org/packages/0d/5d/122a65a18955bd9da2616b69bc839351f8baf23b2805b543aa2f0aed72b5/ruff-0.8.4-py3-none-musllinux_1_2_x86_64.whl", hash = "sha256:8ef06f66f4a05c3ddbc9121a8b0cecccd92c5bf3dd43b5472ffe40b8ca10f0f8", size = 11268828 },
    { url = "https://files.pythonhosted.org/packages/43/a9/1676ee9106995381e3d34bccac5bb28df70194167337ed4854c20f27c7ba/ruff-0.8.4-py3-none-win32.whl", hash = "sha256:552fb6d861320958ca5e15f28b20a3d071aa83b93caee33a87b471f99a6c0835", size = 8805621 },
    { url = "https://files.pythonhosted.org/packages/10/98/ed6b56a30ee76771c193ff7ceeaf1d2acc98d33a1a27b8479cbdb5c17a23/ruff-0.8.4-py3-none-win_amd64.whl", hash = "sha256:f21a1143776f8656d7f364bd264a9d60f01b7f52243fbe90e7670c0dfe0cf65d", size = 9660086 },
    { url = "https://files.pythonhosted.org/packages/13/9f/026e18ca7d7766783d779dae5e9c656746c6ede36ef73c6d934aaf4a6dec/ruff-0.8.4-py3-none-win_arm64.whl", hash = "sha256:9183dd615d8df50defa8b1d9a074053891ba39025cf5ae88e8bcb52edcc4bf08", size = 9074500 },
]

[[package]]
name = "six"
version = "1.17.0"
source = { registry = "https://pypi.org/simple" }
sdist = { url = "https://files.pythonhosted.org/packages/94/e7/b2c673351809dca68a0e064b6af791aa332cf192da575fd474ed7d6f16a2/six-1.17.0.tar.gz", hash = "sha256:ff70335d468e7eb6ec65b95b99d3a2836546063f63acc5171de367e834932a81", size = 34031 }
wheels = [
    { url = "https://files.pythonhosted.org/packages/b7/ce/149a00dd41f10bc29e5921b496af8b574d8413afcd5e30dfa0ed46c2cc5e/six-1.17.0-py2.py3-none-any.whl", hash = "sha256:4721f391ed90541fddacab5acf947aa0d3dc7d27b2e1e8eda2be8970586c3274", size = 11050 },
]

[[package]]
name = "soupsieve"
version = "2.6"
source = { registry = "https://pypi.org/simple" }
sdist = { url = "https://files.pythonhosted.org/packages/d7/ce/fbaeed4f9fb8b2daa961f90591662df6a86c1abf25c548329a86920aedfb/soupsieve-2.6.tar.gz", hash = "sha256:e2e68417777af359ec65daac1057404a3c8a5455bb8abc36f1a9866ab1a51abb", size = 101569 }
wheels = [
    { url = "https://files.pythonhosted.org/packages/d1/c2/fe97d779f3ef3b15f05c94a2f1e3d21732574ed441687474db9d342a7315/soupsieve-2.6-py3-none-any.whl", hash = "sha256:e72c4ff06e4fb6e4b5a9f0f55fe6e81514581fca1515028625d0f299c602ccc9", size = 36186 },
]

[[package]]
name = "sqlalchemy"
version = "2.0.36"
source = { registry = "https://pypi.org/simple" }
dependencies = [
    { name = "greenlet", marker = "(python_full_version < '3.13' and platform_machine == 'AMD64') or (python_full_version < '3.13' and platform_machine == 'WIN32') or (python_full_version < '3.13' and platform_machine == 'aarch64') or (python_full_version < '3.13' and platform_machine == 'amd64') or (python_full_version < '3.13' and platform_machine == 'ppc64le') or (python_full_version < '3.13' and platform_machine == 'win32') or (python_full_version < '3.13' and platform_machine == 'x86_64')" },
    { name = "typing-extensions" },
]
sdist = { url = "https://files.pythonhosted.org/packages/50/65/9cbc9c4c3287bed2499e05033e207473504dc4df999ce49385fb1f8b058a/sqlalchemy-2.0.36.tar.gz", hash = "sha256:7f2767680b6d2398aea7082e45a774b2b0767b5c8d8ffb9c8b683088ea9b29c5", size = 9574485 }
wheels = [
    { url = "https://files.pythonhosted.org/packages/b8/bf/005dc47f0e57556e14512d5542f3f183b94fde46e15ff1588ec58ca89555/SQLAlchemy-2.0.36-cp312-cp312-macosx_10_13_x86_64.whl", hash = "sha256:f7b64e6ec3f02c35647be6b4851008b26cff592a95ecb13b6788a54ef80bbdd4", size = 2092378 },
    { url = "https://files.pythonhosted.org/packages/94/65/f109d5720779a08e6e324ec89a744f5f92c48bd8005edc814bf72fbb24e5/SQLAlchemy-2.0.36-cp312-cp312-macosx_11_0_arm64.whl", hash = "sha256:46331b00096a6db1fdc052d55b101dbbfc99155a548e20a0e4a8e5e4d1362855", size = 2082778 },
    { url = "https://files.pythonhosted.org/packages/60/f6/d9aa8c49c44f9b8c9b9dada1f12fa78df3d4c42aa2de437164b83ee1123c/SQLAlchemy-2.0.36-cp312-cp312-manylinux_2_17_aarch64.manylinux2014_aarch64.whl", hash = "sha256:fdf3386a801ea5aba17c6410dd1dc8d39cf454ca2565541b5ac42a84e1e28f53", size = 3232191 },
    { url = "https://files.pythonhosted.org/packages/8a/ab/81d4514527c068670cb1d7ab62a81a185df53a7c379bd2a5636e83d09ede/SQLAlchemy-2.0.36-cp312-cp312-manylinux_2_17_x86_64.manylinux2014_x86_64.whl", hash = "sha256:ac9dfa18ff2a67b09b372d5db8743c27966abf0e5344c555d86cc7199f7ad83a", size = 3243044 },
    { url = "https://files.pythonhosted.org/packages/35/b4/f87c014ecf5167dc669199cafdb20a7358ff4b1d49ce3622cc48571f811c/SQLAlchemy-2.0.36-cp312-cp312-musllinux_1_2_aarch64.whl", hash = "sha256:90812a8933df713fdf748b355527e3af257a11e415b613dd794512461eb8a686", size = 3178511 },
    { url = "https://files.pythonhosted.org/packages/ea/09/badfc9293bc3ccba6ede05e5f2b44a760aa47d84da1fc5a326e963e3d4d9/SQLAlchemy-2.0.36-cp312-cp312-musllinux_1_2_x86_64.whl", hash = "sha256:1bc330d9d29c7f06f003ab10e1eaced295e87940405afe1b110f2eb93a233588", size = 3205147 },
    { url = "https://files.pythonhosted.org/packages/c8/60/70e681de02a13c4b27979b7b78da3058c49bacc9858c89ba672e030f03f2/SQLAlchemy-2.0.36-cp312-cp312-win32.whl", hash = "sha256:79d2e78abc26d871875b419e1fd3c0bca31a1cb0043277d0d850014599626c2e", size = 2062709 },
    { url = "https://files.pythonhosted.org/packages/b7/ed/f6cd9395e41bfe47dd253d74d2dfc3cab34980d4e20c8878cb1117306085/SQLAlchemy-2.0.36-cp312-cp312-win_amd64.whl", hash = "sha256:b544ad1935a8541d177cb402948b94e871067656b3a0b9e91dbec136b06a2ff5", size = 2088433 },
    { url = "https://files.pythonhosted.org/packages/78/5c/236398ae3678b3237726819b484f15f5c038a9549da01703a771f05a00d6/SQLAlchemy-2.0.36-cp313-cp313-macosx_10_13_x86_64.whl", hash = "sha256:b5cc79df7f4bc3d11e4b542596c03826063092611e481fcf1c9dfee3c94355ef", size = 2087651 },
    { url = "https://files.pythonhosted.org/packages/a8/14/55c47420c0d23fb67a35af8be4719199b81c59f3084c28d131a7767b0b0b/SQLAlchemy-2.0.36-cp313-cp313-macosx_11_0_arm64.whl", hash = "sha256:3c01117dd36800f2ecaa238c65365b7b16497adc1522bf84906e5710ee9ba0e8", size = 2078132 },
    { url = "https://files.pythonhosted.org/packages/3d/97/1e843b36abff8c4a7aa2e37f9bea364f90d021754c2de94d792c2d91405b/SQLAlchemy-2.0.36-cp313-cp313-manylinux_2_17_aarch64.manylinux2014_aarch64.whl", hash = "sha256:9bc633f4ee4b4c46e7adcb3a9b5ec083bf1d9a97c1d3854b92749d935de40b9b", size = 3164559 },
    { url = "https://files.pythonhosted.org/packages/7b/c5/07f18a897b997f6d6b234fab2bf31dccf66d5d16a79fe329aefc95cd7461/SQLAlchemy-2.0.36-cp313-cp313-manylinux_2_17_x86_64.manylinux2014_x86_64.whl", hash = "sha256:9e46ed38affdfc95d2c958de328d037d87801cfcbea6d421000859e9789e61c2", size = 3177897 },
    { url = "https://files.pythonhosted.org/packages/b3/cd/e16f3cbefd82b5c40b33732da634ec67a5f33b587744c7ab41699789d492/SQLAlchemy-2.0.36-cp313-cp313-musllinux_1_2_aarch64.whl", hash = "sha256:b2985c0b06e989c043f1dc09d4fe89e1616aadd35392aea2844f0458a989eacf", size = 3111289 },
    { url = "https://files.pythonhosted.org/packages/15/85/5b8a3b0bc29c9928aa62b5c91fcc8335f57c1de0a6343873b5f372e3672b/SQLAlchemy-2.0.36-cp313-cp313-musllinux_1_2_x86_64.whl", hash = "sha256:4a121d62ebe7d26fec9155f83f8be5189ef1405f5973ea4874a26fab9f1e262c", size = 3139491 },
    { url = "https://files.pythonhosted.org/packages/a1/95/81babb6089938680dfe2cd3f88cd3fd39cccd1543b7cb603b21ad881bff1/SQLAlchemy-2.0.36-cp313-cp313-win32.whl", hash = "sha256:0572f4bd6f94752167adfd7c1bed84f4b240ee6203a95e05d1e208d488d0d436", size = 2060439 },
    { url = "https://files.pythonhosted.org/packages/c1/ce/5f7428df55660d6879d0522adc73a3364970b5ef33ec17fa125c5dbcac1d/SQLAlchemy-2.0.36-cp313-cp313-win_amd64.whl", hash = "sha256:8c78ac40bde930c60e0f78b3cd184c580f89456dd87fc08f9e3ee3ce8765ce88", size = 2084574 },
    { url = "https://files.pythonhosted.org/packages/b8/49/21633706dd6feb14cd3f7935fc00b60870ea057686035e1a99ae6d9d9d53/SQLAlchemy-2.0.36-py3-none-any.whl", hash = "sha256:fddbe92b4760c6f5d48162aef14824add991aeda8ddadb3c31d56eb15ca69f8e", size = 1883787 },
]

[[package]]
name = "typing-extensions"
version = "4.12.2"
source = { registry = "https://pypi.org/simple" }
sdist = { url = "https://files.pythonhosted.org/packages/df/db/f35a00659bc03fec321ba8bce9420de607a1d37f8342eee1863174c69557/typing_extensions-4.12.2.tar.gz", hash = "sha256:1a7ead55c7e559dd4dee8856e3a88b41225abfe1ce8df57b7c13915fe121ffb8", size = 85321 }
wheels = [
    { url = "https://files.pythonhosted.org/packages/26/9f/ad63fc0248c5379346306f8668cda6e2e2e9c95e01216d2b8ffd9ff037d0/typing_extensions-4.12.2-py3-none-any.whl", hash = "sha256:04e5ca0351e0f3f85c6853954072df659d0d13fac324d0072316b67d7794700d", size = 37438 },
]

[[package]]
name = "urllib3"
version = "2.2.3"
source = { registry = "https://pypi.org/simple" }
sdist = { url = "https://files.pythonhosted.org/packages/ed/63/22ba4ebfe7430b76388e7cd448d5478814d3032121827c12a2cc287e2260/urllib3-2.2.3.tar.gz", hash = "sha256:e7d814a81dad81e6caf2ec9fdedb284ecc9c73076b62654547cc64ccdcae26e9", size = 300677 }
wheels = [
    { url = "https://files.pythonhosted.org/packages/ce/d9/5f4c13cecde62396b0d3fe530a50ccea91e7dfc1ccf0e09c228841bb5ba8/urllib3-2.2.3-py3-none-any.whl", hash = "sha256:ca899ca043dcb1bafa3e262d73aa25c465bfb49e0bd9dd5d59f1d0acba2f8fac", size = 126338 },
]

[[package]]
name = "user-agent"
version = "0.1.10"
source = { registry = "https://pypi.org/simple" }
dependencies = [
    { name = "six" },
]
sdist = { url = "https://files.pythonhosted.org/packages/b5/db/559a95b7cc146b269a0cc4cb7a53471ddd270ce9b29f23a5ed5e118acd4e/user_agent-0.1.10.tar.gz", hash = "sha256:b86537cb2a9d3bda0e2afcc654ec15b383502836877a67520654acadf73f1723", size = 20965 }
